PODS:
  - Alamofire (4.5.1)
  - ObjectMapper (3.0.0)

DEPENDENCIES:
  - Alamofire (~> 4.5)
  - ObjectMapper (~> 3.0)

SPEC CHECKSUMS:
  Alamofire: 2d95912bf4c34f164fdfc335872e8c312acaea4a
  ObjectMapper: 92230db59bf8f341a5c3a3cf0b9fbdde3cf0d87f

PODFILE CHECKSUM: 4ba48b639e3b8e2878ab02d46e456b62596ee24e

COCOAPODS: 1.2.1
