// !$*UTF8*$!
{
	archiveVersion = 1;
	classes = {
	};
	objectVersion = 48;
	objects = {

/* Begin PBXBuildFile section */
		9271ED0F1F99631600BA0E9F /* HomeMapDataProvider.swift in Sources */ = {isa = PBXBuildFile; fileRef = 9271ED0E1F99631600BA0E9F /* HomeMapDataProvider.swift */; };
		9271ED111F9963AD00BA0E9F /* GenericDataProvider.swift in Sources */ = {isa = PBXBuildFile; fileRef = 9271ED101F9963AD00BA0E9F /* GenericDataProvider.swift */; };
		9271ED141F99656B00BA0E9F /* API.swift in Sources */ = {isa = PBXBuildFile; fileRef = 9271ED131F99656B00BA0E9F /* API.swift */; };
		9271ED181F99693700BA0E9F /* MendingoViewModel.swift in Sources */ = {isa = PBXBuildFile; fileRef = 9271ED171F99693700BA0E9F /* MendingoViewModel.swift */; };
		92B281AB1F99598100F97274 /* AppDelegate.swift in Sources */ = {isa = PBXBuildFile; fileRef = 92B281AA1F99598100F97274 /* AppDelegate.swift */; };
		92B281AD1F99598100F97274 /* HomeVC.swift in Sources */ = {isa = PBXBuildFile; fileRef = 92B281AC1F99598100F97274 /* HomeVC.swift */; };
		92B281B01F99598100F97274 /* Main.storyboard in Resources */ = {isa = PBXBuildFile; fileRef = 92B281AE1F99598100F97274 /* Main.storyboard */; };
		92B281B21F99598100F97274 /* Assets.xcassets in Resources */ = {isa = PBXBuildFile; fileRef = 92B281B11F99598100F97274 /* Assets.xcassets */; };
		92B281B51F99598100F97274 /* LaunchScreen.storyboard in Resources */ = {isa = PBXBuildFile; fileRef = 92B281B31F99598100F97274 /* LaunchScreen.storyboard */; };
		BE614E76EEF2D16E6DA0B9A3 /* Pods_people_hero2.framework in Frameworks */ = {isa = PBXBuildFile; fileRef = 21C499A1E8B9611729F570A3 /* Pods_people_hero2.framework */; };
/* End PBXBuildFile section */

/* Begin PBXFileReference section */
		0F4718BD77D935BF8D239307 /* Pods-people-hero2.release.xcconfig */ = {isa = PBXFileReference; includeInIndex = 1; lastKnownFileType = text.xcconfig; name = "Pods-people-hero2.release.xcconfig"; path = "Pods/Target Support Files/Pods-people-hero2/Pods-people-hero2.release.xcconfig"; sourceTree = "<group>"; };
		21C499A1E8B9611729F570A3 /* Pods_people_hero2.framework */ = {isa = PBXFileReference; explicitFileType = wrapper.framework; includeInIndex = 0; path = Pods_people_hero2.framework; sourceTree = BUILT_PRODUCTS_DIR; };
		9271ED0E1F99631600BA0E9F /* HomeMapDataProvider.swift */ = {isa = PBXFileReference; lastKnownFileType = sourcecode.swift; path = HomeMapDataProvider.swift; sourceTree = "<group>"; };
		9271ED101F9963AD00BA0E9F /* GenericDataProvider.swift */ = {isa = PBXFileReference; lastKnownFileType = sourcecode.swift; path = GenericDataProvider.swift; sourceTree = "<group>"; };
		9271ED131F99656B00BA0E9F /* API.swift */ = {isa = PBXFileReference; lastKnownFileType = sourcecode.swift; path = API.swift; sourceTree = "<group>"; };
		9271ED171F99693700BA0E9F /* MendingoViewModel.swift */ = {isa = PBXFileReference; lastKnownFileType = sourcecode.swift; path = MendingoViewModel.swift; sourceTree = "<group>"; };
		92B281A71F99598100F97274 /* people-hero2.app */ = {isa = PBXFileReference; explicitFileType = wrapper.application; includeInIndex = 0; path = "people-hero2.app"; sourceTree = BUILT_PRODUCTS_DIR; };
		92B281AA1F99598100F97274 /* AppDelegate.swift */ = {isa = PBXFileReference; lastKnownFileType = sourcecode.swift; path = AppDelegate.swift; sourceTree = "<group>"; };
		92B281AC1F99598100F97274 /* HomeVC.swift */ = {isa = PBXFileReference; lastKnownFileType = sourcecode.swift; path = HomeVC.swift; sourceTree = "<group>"; };
		92B281AF1F99598100F97274 /* Base */ = {isa = PBXFileReference; lastKnownFileType = file.storyboard; name = Base; path = Base.lproj/Main.storyboard; sourceTree = "<group>"; };
		92B281B11F99598100F97274 /* Assets.xcassets */ = {isa = PBXFileReference; lastKnownFileType = folder.assetcatalog; path = Assets.xcassets; sourceTree = "<group>"; };
		92B281B41F99598100F97274 /* Base */ = {isa = PBXFileReference; lastKnownFileType = file.storyboard; name = Base; path = Base.lproj/LaunchScreen.storyboard; sourceTree = "<group>"; };
		92B281B61F99598100F97274 /* Info.plist */ = {isa = PBXFileReference; lastKnownFileType = text.plist.xml; path = Info.plist; sourceTree = "<group>"; };
		EC815518463DDB5EB9BF4637 /* Pods-people-hero2.debug.xcconfig */ = {isa = PBXFileReference; includeInIndex = 1; lastKnownFileType = text.xcconfig; name = "Pods-people-hero2.debug.xcconfig"; path = "Pods/Target Support Files/Pods-people-hero2/Pods-people-hero2.debug.xcconfig"; sourceTree = "<group>"; };
/* End PBXFileReference section */

/* Begin PBXFrameworksBuildPhase section */
		92B281A41F99598100F97274 /* Frameworks */ = {
			isa = PBXFrameworksBuildPhase;
			buildActionMask = 2147483647;
			files = (
				BE614E76EEF2D16E6DA0B9A3 /* Pods_people_hero2.framework in Frameworks */,
			);
			runOnlyForDeploymentPostprocessing = 0;
		};
/* End PBXFrameworksBuildPhase section */

/* Begin PBXGroup section */
		51B552A8B10BCA5E3B13FC2D /* Frameworks */ = {
			isa = PBXGroup;
			children = (
				21C499A1E8B9611729F570A3 /* Pods_people_hero2.framework */,
			);
			name = Frameworks;
			sourceTree = "<group>";
		};
		756E5A277BD84F5F6CD49FF9 /* Pods */ = {
			isa = PBXGroup;
			children = (
				EC815518463DDB5EB9BF4637 /* Pods-people-hero2.debug.xcconfig */,
				0F4718BD77D935BF8D239307 /* Pods-people-hero2.release.xcconfig */,
			);
			name = Pods;
			sourceTree = "<group>";
		};
		9271ED0D1F9962CA00BA0E9F /* DataProvider */ = {
			isa = PBXGroup;
			children = (
				9271ED0E1F99631600BA0E9F /* HomeMapDataProvider.swift */,
				9271ED101F9963AD00BA0E9F /* GenericDataProvider.swift */,
			);
			path = DataProvider;
			sourceTree = "<group>";
		};
		9271ED121F99652700BA0E9F /* Network */ = {
			isa = PBXGroup;
			children = (
				9271ED131F99656B00BA0E9F /* API.swift */,
			);
			path = Network;
			sourceTree = "<group>";
		};
		9271ED191F9970EA00BA0E9F /* Model */ = {
			isa = PBXGroup;
			children = (
				9271ED171F99693700BA0E9F /* MendingoViewModel.swift */,
			);
			path = Model;
			sourceTree = "<group>";
		};
		9271ED1A1F9970F700BA0E9F /* Controller */ = {
			isa = PBXGroup;
			children = (
				92B281AC1F99598100F97274 /* HomeVC.swift */,
			);
			path = Controller;
			sourceTree = "<group>";
		};
		9271ED1B1F99710500BA0E9F /* Application */ = {
			isa = PBXGroup;
			children = (
				92B281AA1F99598100F97274 /* AppDelegate.swift */,
			);
			path = Application;
			sourceTree = "<group>";
		};
		92B2819E1F99598100F97274 = {
			isa = PBXGroup;
			children = (
				92B281A91F99598100F97274 /* people-hero2 */,
				92B281A81F99598100F97274 /* Products */,
				756E5A277BD84F5F6CD49FF9 /* Pods */,
				51B552A8B10BCA5E3B13FC2D /* Frameworks */,
			);
			sourceTree = "<group>";
		};
		92B281A81F99598100F97274 /* Products */ = {
			isa = PBXGroup;
			children = (
				92B281A71F99598100F97274 /* people-hero2.app */,
			);
			name = Products;
			sourceTree = "<group>";
		};
		92B281A91F99598100F97274 /* people-hero2 */ = {
			isa = PBXGroup;
			children = (
				9271ED1B1F99710500BA0E9F /* Application */,
				9271ED1A1F9970F700BA0E9F /* Controller */,
				9271ED191F9970EA00BA0E9F /* Model */,
				9271ED121F99652700BA0E9F /* Network */,
				9271ED0D1F9962CA00BA0E9F /* DataProvider */,
				92B281AE1F99598100F97274 /* Main.storyboard */,
				92B281B11F99598100F97274 /* Assets.xcassets */,
				92B281B31F99598100F97274 /* LaunchScreen.storyboard */,
				92B281B61F99598100F97274 /* Info.plist */,
			);
			path = "people-hero2";
			sourceTree = "<group>";
		};
/* End PBXGroup section */

/* Begin PBXNativeTarget section */
		92B281A61F99598100F97274 /* people-hero2 */ = {
			isa = PBXNativeTarget;
			buildConfigurationList = 92B281B91F99598100F97274 /* Build configuration list for PBXNativeTarget "people-hero2" */;
			buildPhases = (
				603D45A2C812252C749D7A4E /* [CP] Check Pods Manifest.lock */,
				92B281A31F99598100F97274 /* Sources */,
				92B281A41F99598100F97274 /* Frameworks */,
				92B281A51F99598100F97274 /* Resources */,
				9B0B61F640C100E31E6B658E /* [CP] Embed Pods Frameworks */,
				78A968507590F0606D48F862 /* [CP] Copy Pods Resources */,
			);
			buildRules = (
			);
			dependencies = (
			);
			name = "people-hero2";
			productName = "people-hero2";
			productReference = 92B281A71F99598100F97274 /* people-hero2.app */;
			productType = "com.apple.product-type.application";
		};
/* End PBXNativeTarget section */

/* Begin PBXProject section */
		92B2819F1F99598100F97274 /* Project object */ = {
			isa = PBXProject;
			attributes = {
				LastSwiftUpdateCheck = 0900;
				LastUpgradeCheck = 0900;
				ORGANIZATIONNAME = "Denis Oliveira";
				TargetAttributes = {
					92B281A61F99598100F97274 = {
						CreatedOnToolsVersion = 9.0.1;
						ProvisioningStyle = Automatic;
					};
				};
			};
			buildConfigurationList = 92B281A21F99598100F97274 /* Build configuration list for PBXProject "people-hero2" */;
			compatibilityVersion = "Xcode 8.0";
			developmentRegion = en;
			hasScannedForEncodings = 0;
			knownRegions = (
				en,
				Base,
			);
			mainGroup = 92B2819E1F99598100F97274;
			productRefGroup = 92B281A81F99598100F97274 /* Products */;
			projectDirPath = "";
			projectRoot = "";
			targets = (
				92B281A61F99598100F97274 /* people-hero2 */,
			);
		};
/* End PBXProject section */

/* Begin PBXResourcesBuildPhase section */
		92B281A51F99598100F97274 /* Resources */ = {
			isa = PBXResourcesBuildPhase;
			buildActionMask = 2147483647;
			files = (
				92B281B51F99598100F97274 /* LaunchScreen.storyboard in Resources */,
				92B281B21F99598100F97274 /* Assets.xcassets in Resources */,
				92B281B01F99598100F97274 /* Main.storyboard in Resources */,
			);
			runOnlyForDeploymentPostprocessing = 0;
		};
/* End PBXResourcesBuildPhase section */

/* Begin PBXShellScriptBuildPhase section */
		603D45A2C812252C749D7A4E /* [CP] Check Pods Manifest.lock */ = {
			isa = PBXShellScriptBuildPhase;
			buildActionMask = 2147483647;
			files = (
			);
			inputPaths = (
			);
			name = "[CP] Check Pods Manifest.lock";
			outputPaths = (
			);
			runOnlyForDeploymentPostprocessing = 0;
			shellPath = /bin/sh;
			shellScript = "diff \"${PODS_PODFILE_DIR_PATH}/Podfile.lock\" \"${PODS_ROOT}/Manifest.lock\" > /dev/null\nif [ $? != 0 ] ; then\n    # print error to STDERR\n    echo \"error: The sandbox is not in sync with the Podfile.lock. Run 'pod install' or update your CocoaPods installation.\" >&2\n    exit 1\nfi\n";
			showEnvVarsInLog = 0;
		};
		78A968507590F0606D48F862 /* [CP] Copy Pods Resources */ = {
			isa = PBXShellScriptBuildPhase;
			buildActionMask = 2147483647;
			files = (
			);
			inputPaths = (
			);
			name = "[CP] Copy Pods Resources";
			outputPaths = (
			);
			runOnlyForDeploymentPostprocessing = 0;
			shellPath = /bin/sh;
			shellScript = "\"${SRCROOT}/Pods/Target Support Files/Pods-people-hero2/Pods-people-hero2-resources.sh\"\n";
			showEnvVarsInLog = 0;
		};
		9B0B61F640C100E31E6B658E /* [CP] Embed Pods Frameworks */ = {
			isa = PBXShellScriptBuildPhase;
			buildActionMask = 2147483647;
			files = (
			);
			inputPaths = (
			);
			name = "[CP] Embed Pods Frameworks";
			outputPaths = (
			);
			runOnlyForDeploymentPostprocessing = 0;
			shellPath = /bin/sh;
			shellScript = "\"${SRCROOT}/Pods/Target Support Files/Pods-people-hero2/Pods-people-hero2-frameworks.sh\"\n";
			showEnvVarsInLog = 0;
		};
/* End PBXShellScriptBuildPhase section */

/* Begin PBXSourcesBuildPhase section */
		92B281A31F99598100F97274 /* Sources */ = {
			isa = PBXSourcesBuildPhase;
			buildActionMask = 2147483647;
			files = (
				9271ED0F1F99631600BA0E9F /* HomeMapDataProvider.swift in Sources */,
				92B281AD1F99598100F97274 /* HomeVC.swift in Sources */,
				9271ED111F9963AD00BA0E9F /* GenericDataProvider.swift in Sources */,
				9271ED181F99693700BA0E9F /* MendingoViewModel.swift in Sources */,
				92B281AB1F99598100F97274 /* AppDelegate.swift in Sources */,
				9271ED141F99656B00BA0E9F /* API.swift in Sources */,
			);
			runOnlyForDeploymentPostprocessing = 0;
		};
/* End PBXSourcesBuildPhase section */

/* Begin PBXVariantGroup section */
		92B281AE1F99598100F97274 /* Main.storyboard */ = {
			isa = PBXVariantGroup;
			children = (
				92B281AF1F99598100F97274 /* Base */,
			);
			name = Main.storyboard;
			sourceTree = "<group>";
		};
		92B281B31F99598100F97274 /* LaunchScreen.storyboard */ = {
			isa = PBXVariantGroup;
			children = (
				92B281B41F99598100F97274 /* Base */,
			);
			name = LaunchScreen.storyboard;
			sourceTree = "<group>";
		};
/* End PBXVariantGroup section */

/* Begin XCBuildConfiguration section */
		92B281B71F99598100F97274 /* Debug */ = {
			isa = XCBuildConfiguration;
			buildSettings = {
				ALWAYS_SEARCH_USER_PATHS = NO;
				CLANG_ANALYZER_NONNULL = YES;
				CLANG_ANALYZER_NUMBER_OBJECT_CONVERSION = YES_AGGRESSIVE;
				CLANG_CXX_LANGUAGE_STANDARD = "gnu++14";
				CLANG_CXX_LIBRARY = "libc++";
				CLANG_ENABLE_MODULES = YES;
				CLANG_ENABLE_OBJC_ARC = YES;
				CLANG_WARN_BLOCK_CAPTURE_AUTORELEASING = YES;
				CLANG_WARN_BOOL_CONVERSION = YES;
				CLANG_WARN_COMMA = YES;
				CLANG_WARN_CONSTANT_CONVERSION = YES;
				CLANG_WARN_DIRECT_OBJC_ISA_USAGE = YES_ERROR;
				CLANG_WARN_DOCUMENTATION_COMMENTS = YES;
				CLANG_WARN_EMPTY_BODY = YES;
				CLANG_WARN_ENUM_CONVERSION = YES;
				CLANG_WARN_INFINITE_RECURSION = YES;
				CLANG_WARN_INT_CONVERSION = YES;
				CLANG_WARN_NON_LITERAL_NULL_CONVERSION = YES;
				CLANG_WARN_OBJC_LITERAL_CONVERSION = YES;
				CLANG_WARN_OBJC_ROOT_CLASS = YES_ERROR;
				CLANG_WARN_RANGE_LOOP_ANALYSIS = YES;
				CLANG_WARN_STRICT_PROTOTYPES = YES;
				CLANG_WARN_SUSPICIOUS_MOVE = YES;
				CLANG_WARN_UNGUARDED_AVAILABILITY = YES_AGGRESSIVE;
				CLANG_WARN_UNREACHABLE_CODE = YES;
				CLANG_WARN__DUPLICATE_METHOD_MATCH = YES;
				CODE_SIGN_IDENTITY = "iPhone Developer";
				COPY_PHASE_STRIP = NO;
				DEBUG_INFORMATION_FORMAT = dwarf;
				ENABLE_STRICT_OBJC_MSGSEND = YES;
				ENABLE_TESTABILITY = YES;
				GCC_C_LANGUAGE_STANDARD = gnu11;
				GCC_DYNAMIC_NO_PIC = NO;
				GCC_NO_COMMON_BLOCKS = YES;
				GCC_OPTIMIZATION_LEVEL = 0;
				GCC_PREPROCESSOR_DEFINITIONS = (
					"DEBUG=1",
					"$(inherited)",
				);
				GCC_WARN_64_TO_32_BIT_CONVERSION = YES;
				GCC_WARN_ABOUT_RETURN_TYPE = YES_ERROR;
				GCC_WARN_UNDECLARED_SELECTOR = YES;
				GCC_WARN_UNINITIALIZED_AUTOS = YES_AGGRESSIVE;
				GCC_WARN_UNUSED_FUNCTION = YES;
				GCC_WARN_UNUSED_VARIABLE = YES;
				IPHONEOS_DEPLOYMENT_TARGET = 11.0;
				MTL_ENABLE_DEBUG_INFO = YES;
				ONLY_ACTIVE_ARCH = YES;
				SDKROOT = iphoneos;
				SWIFT_ACTIVE_COMPILATION_CONDITIONS = DEBUG;
				SWIFT_OPTIMIZATION_LEVEL = "-Onone";
			};
			name = Debug;
		};
		92B281B81F99598100F97274 /* Release */ = {
			isa = XCBuildConfiguration;
			buildSettings = {
				ALWAYS_SEARCH_USER_PATHS = NO;
				CLANG_ANALYZER_NONNULL = YES;
				CLANG_ANALYZER_NUMBER_OBJECT_CONVERSION = YES_AGGRESSIVE;
				CLANG_CXX_LANGUAGE_STANDARD = "gnu++14";
				CLANG_CXX_LIBRARY = "libc++";
				CLANG_ENABLE_MODULES = YES;
				CLANG_ENABLE_OBJC_ARC = YES;
				CLANG_WARN_BLOCK_CAPTURE_AUTORELEASING = YES;
				CLANG_WARN_BOOL_CONVERSION = YES;
				CLANG_WARN_COMMA = YES;
				CLANG_WARN_CONSTANT_CONVERSION = YES;
				CLANG_WARN_DIRECT_OBJC_ISA_USAGE = YES_ERROR;
				CLANG_WARN_DOCUMENTATION_COMMENTS = YES;
				CLANG_WARN_EMPTY_BODY = YES;
				CLANG_WARN_ENUM_CONVERSION = YES;
				CLANG_WARN_INFINITE_RECURSION = YES;
				CLANG_WARN_INT_CONVERSION = YES;
				CLANG_WARN_NON_LITERAL_NULL_CONVERSION = YES;
				CLANG_WARN_OBJC_LITERAL_CONVERSION = YES;
				CLANG_WARN_OBJC_ROOT_CLASS = YES_ERROR;
				CLANG_WARN_RANGE_LOOP_ANALYSIS = YES;
				CLANG_WARN_STRICT_PROTOTYPES = YES;
				CLANG_WARN_SUSPICIOUS_MOVE = YES;
				CLANG_WARN_UNGUARDED_AVAILABILITY = YES_AGGRESSIVE;
				CLANG_WARN_UNREACHABLE_CODE = YES;
				CLANG_WARN__DUPLICATE_METHOD_MATCH = YES;
				CODE_SIGN_IDENTITY = "iPhone Developer";
				COPY_PHASE_STRIP = NO;
				DEBUG_INFORMATION_FORMAT = "dwarf-with-dsym";
				ENABLE_NS_ASSERTIONS = NO;
				ENABLE_STRICT_OBJC_MSGSEND = YES;
				GCC_C_LANGUAGE_STANDARD = gnu11;
				GCC_NO_COMMON_BLOCKS = YES;
				GCC_WARN_64_TO_32_BIT_CONVERSION = YES;
				GCC_WARN_ABOUT_RETURN_TYPE = YES_ERROR;
				GCC_WARN_UNDECLARED_SELECTOR = YES;
				GCC_WARN_UNINITIALIZED_AUTOS = YES_AGGRESSIVE;
				GCC_WARN_UNUSED_FUNCTION = YES;
				GCC_WARN_UNUSED_VARIABLE = YES;
				IPHONEOS_DEPLOYMENT_TARGET = 11.0;
				MTL_ENABLE_DEBUG_INFO = NO;
				SDKROOT = iphoneos;
				SWIFT_OPTIMIZATION_LEVEL = "-Owholemodule";
				VALIDATE_PRODUCT = YES;
			};
			name = Release;
		};
		92B281BA1F99598100F97274 /* Debug */ = {
			isa = XCBuildConfiguration;
			baseConfigurationReference = EC815518463DDB5EB9BF4637 /* Pods-people-hero2.debug.xcconfig */;
			buildSettings = {
				ASSETCATALOG_COMPILER_APPICON_NAME = AppIcon;
				CODE_SIGN_STYLE = Automatic;
				DEVELOPMENT_TEAM = 3TG72R42F4;
				INFOPLIST_FILE = "people-hero2/Info.plist";
				LD_RUNPATH_SEARCH_PATHS = "$(inherited) @executable_path/Frameworks";
				PRODUCT_BUNDLE_IDENTIFIER = "com.denioliveira.people-hero2";
				PRODUCT_NAME = "$(TARGET_NAME)";
				SWIFT_VERSION = 4.0;
				TARGETED_DEVICE_FAMILY = "1,2";
			};
			name = Debug;
		};
		92B281BB1F99598100F97274 /* Release */ = {
			isa = XCBuildConfiguration;
			baseConfigurationReference = 0F4718BD77D935BF8D239307 /* Pods-people-hero2.release.xcconfig */;
			buildSettings = {
				ASSETCATALOG_COMPILER_APPICON_NAME = AppIcon;
				CODE_SIGN_STYLE = Automatic;
				DEVELOPMENT_TEAM = 3TG72R42F4;
				INFOPLIST_FILE = "people-hero2/Info.plist";
				LD_RUNPATH_SEARCH_PATHS = "$(inherited) @executable_path/Frameworks";
				PRODUCT_BUNDLE_IDENTIFIER = "com.denioliveira.people-hero2";
				PRODUCT_NAME = "$(TARGET_NAME)";
				SWIFT_VERSION = 4.0;
				TARGETED_DEVICE_FAMILY = "1,2";
			};
			name = Release;
		};
/* End XCBuildConfiguration section */

/* Begin XCConfigurationList section */
		92B281A21F99598100F97274 /* Build configuration list for PBXProject "people-hero2" */ = {
			isa = XCConfigurationList;
			buildConfigurations = (
				92B281B71F99598100F97274 /* Debug */,
				92B281B81F99598100F97274 /* Release */,
			);
			defaultConfigurationIsVisible = 0;
			defaultConfigurationName = Release;
		};
		92B281B91F99598100F97274 /* Build configuration list for PBXNativeTarget "people-hero2" */ = {
			isa = XCConfigurationList;
			buildConfigurations = (
				92B281BA1F99598100F97274 /* Debug */,
				92B281BB1F99598100F97274 /* Release */,
			);
			defaultConfigurationIsVisible = 0;
			defaultConfigurationName = Release;
		};
/* End XCConfigurationList section */
	};
	rootObject = 92B2819F1F99598100F97274 /* Project object */;
}
